
Microsoft Visual Studio Solution File, Format Version 12.00
# Visual Studio Version 17
VisualStudioVersion = 17.4.33205.214
MinimumVisualStudioVersion = 10.0.40219.1
Project("{FAE04EC0-301F-11D3-BF4B-00C04F79EFBC}") = "WinFormsApp4", "WinFormsApp4\WinFormsApp4.csproj", "{DEA7FB61-A39A-44CF-B9FC-257601F16D0E}"
EndProject
Global
	GlobalSection(SolutionConfigurationPlatforms) = preSolution
		Debug|Any CPU = Debug|Any CPU
		Release|Any CPU = Release|Any CPU
	EndGlobalSection
	GlobalSection(ProjectConfigurationPlatforms) = postSolution
		{DEA7FB61-A39A-44CF-B9FC-257601F16D0E}.Debug|Any CPU.ActiveCfg = Debug|Any CPU
		{DEA7FB61-A39A-44CF-B9FC-257601F16D0E}.Debug|Any CPU.Build.0 = Debug|Any CPU
		{DEA7FB61-A39A-44CF-B9FC-257601F16D0E}.Release|Any CPU.ActiveCfg = Release|Any CPU
		{DEA7FB61-A39A-44CF-B9FC-257601F16D0E}.Release|Any CPU.Build.0 = Release|Any CPU
	EndGlobalSection
	GlobalSection(SolutionProperties) = preSolution
		HideSolutionNode = FALSE
	EndGlobalSection
	GlobalSection(ExtensibilityGlobals) = postSolution
		SolutionGuid = {12E1E790-025F-4B75-84EE-2020A344D71E}
	EndGlobalSection
EndGlobal
