
Microsoft Visual Studio Solution File, Format Version 12.00
# Visual Studio Version 17
VisualStudioVersion = 17.4.33205.214
MinimumVisualStudioVersion = 10.0.40219.1
Project("{FAE04EC0-301F-11D3-BF4B-00C04F79EFBC}") = "Dal", "Dal\Dal.csproj", "{73D8D62E-91E8-446B-BBC7-48954DA3BD8A}"
EndProject
Project("{FAE04EC0-301F-11D3-BF4B-00C04F79EFBC}") = "Bal", "Bal\Bal.csproj", "{2B70E536-3C9D-440D-8192-DC19EB0BA36F}"
EndProject
Project("{FAE04EC0-301F-11D3-BF4B-00C04F79EFBC}") = "App", "App\App.csproj", "{F7DC4E51-4EF8-45E3-8C3A-78F569418AC3}"
EndProject
Global
	GlobalSection(SolutionConfigurationPlatforms) = preSolution
		Debug|Any CPU = Debug|Any CPU
		Release|Any CPU = Release|Any CPU
	EndGlobalSection
	GlobalSection(ProjectConfigurationPlatforms) = postSolution
		{73D8D62E-91E8-446B-BBC7-48954DA3BD8A}.Debug|Any CPU.ActiveCfg = Debug|Any CPU
		{73D8D62E-91E8-446B-BBC7-48954DA3BD8A}.Debug|Any CPU.Build.0 = Debug|Any CPU
		{73D8D62E-91E8-446B-BBC7-48954DA3BD8A}.Release|Any CPU.ActiveCfg = Release|Any CPU
		{73D8D62E-91E8-446B-BBC7-48954DA3BD8A}.Release|Any CPU.Build.0 = Release|Any CPU
		{2B70E536-3C9D-440D-8192-DC19EB0BA36F}.Debug|Any CPU.ActiveCfg = Debug|Any CPU
		{2B70E536-3C9D-440D-8192-DC19EB0BA36F}.Debug|Any CPU.Build.0 = Debug|Any CPU
		{2B70E536-3C9D-440D-8192-DC19EB0BA36F}.Release|Any CPU.ActiveCfg = Release|Any CPU
		{2B70E536-3C9D-440D-8192-DC19EB0BA36F}.Release|Any CPU.Build.0 = Release|Any CPU
		{F7DC4E51-4EF8-45E3-8C3A-78F569418AC3}.Debug|Any CPU.ActiveCfg = Debug|Any CPU
		{F7DC4E51-4EF8-45E3-8C3A-78F569418AC3}.Debug|Any CPU.Build.0 = Debug|Any CPU
		{F7DC4E51-4EF8-45E3-8C3A-78F569418AC3}.Release|Any CPU.ActiveCfg = Release|Any CPU
		{F7DC4E51-4EF8-45E3-8C3A-78F569418AC3}.Release|Any CPU.Build.0 = Release|Any CPU
	EndGlobalSection
	GlobalSection(SolutionProperties) = preSolution
		HideSolutionNode = FALSE
	EndGlobalSection
	GlobalSection(ExtensibilityGlobals) = postSolution
		SolutionGuid = {F9C5C4A1-AAC8-4911-8203-95689DEA9224}
	EndGlobalSection
EndGlobal
